PODS:
  - DLCMobilePlayer (0.3.7):
    - Reachability
  - Expecta (1.0.5)
  - Expecta+Snapshots (3.0.1):
    - Expecta (~> 1.0)
    - FBSnapshotTestCase/Core (~> 2.0)
    - Specta (~> 1.0)
  - FBSnapshotTestCase (2.1.4):
    - FBSnapshotTestCase/SwiftSupport (= 2.1.4)
  - FBSnapshotTestCase/Core (2.1.4)
  - FBSnapshotTestCase/SwiftSupport (2.1.4):
    - FBSnapshotTestCase/Core
  - Reachability (3.2)
  - Specta (1.0.6)

DEPENDENCIES:
  - DLCMobilePlayer (from `../`)
  - Expecta
  - Expecta+Snapshots
  - FBSnapshotTestCase
  - Specta

EXTERNAL SOURCES:
  DLCMobilePlayer:
    :path: "../"

SPEC CHECKSUMS:
  DLCMobilePlayer: b2ba1b32beb4a12383082ae9fa215d1edc133eb0
  Expecta: e1c022fcd33910b6be89c291d2775b3fe27a89fe
  Expecta+Snapshots: aee0487f8bbb9df7e0b7735380565ac06207e959
  FBSnapshotTestCase: '094f9f314decbabe373b87cc339bea235a63e07a'
  Reachability: 33e18b67625424e47b6cde6d202dce689ad7af96
  Specta: f506f3a8361de16bc0dcf3b17b75e269072ba465

PODFILE CHECKSUM: f294ac484cdb4b52732e81c7859b3254612c38db

COCOAPODS: 1.2.0
